
Microsoft Visual Studio Solution File, Format Version 12.00
# Visual Studio Version 17
VisualStudioVersion = 17.5.2.0
MinimumVisualStudioVersion = 10.0.40219.1
Project("{2150E333-8FDC-42A3-9474-1A3956D46DE8}") = "src", "src", "{827E0CD3-B72D-47B6-A68D-7590B98EB39B}"
EndProject
Project("{2150E333-8FDC-42A3-9474-1A3956D46DE8}") = "StoreBackend.api", "StoreBackend.api", "{1420BDF1-37BA-6BD7-A146-D8C90560EB07}"
EndProject
Project("{FAE04EC0-301F-11D3-BF4B-00C04F79EFBC}") = "StoreBackend.Aoi", "src\StoreBackend.api\StoreBackend.Aoi.csproj", "{2A33D278-0892-F7D8-9001-6B445B82FA09}"
EndProject
Project("{FAE04EC0-301F-11D3-BF4B-00C04F79EFBC}") = "StoreBackend.Domain", "src\StoreBackend.Domain\StoreBackend.Domain.csproj", "{947BA5D6-7EA1-42C3-90C4-F2E5B5378C9C}"
EndProject
Project("{FAE04EC0-301F-11D3-BF4B-00C04F79EFBC}") = "StoreBackend.DomainService", "src\StoreBackend.DomainService\StoreBackend.DomainService.csproj", "{4A90EAD4-B8AA-429C-A4FF-0037619F6B1B}"
EndProject
Project("{FAE04EC0-301F-11D3-BF4B-00C04F79EFBC}") = "StoreBackend.Infrastructure", "src\StoreBackend.Infrastructure\StoreBackend.Infrastructure.csproj", "{CC569AE0-ECAB-42B0-A77A-155DA03FB63A}"
EndProject
Project("{FAE04EC0-301F-11D3-BF4B-00C04F79EFBC}") = "StoreBackend.Dto", "src\StoreBackend.Dto\StoreBackend.Dto.csproj", "{4224DC60-D7F6-4EAA-9FE1-89D7E34B00C8}"
EndProject
Project("{FAE04EC0-301F-11D3-BF4B-00C04F79EFBC}") = "StoreBackend.Facade", "src\StoreBackend.Facade\StoreBackend.Facade.csproj", "{9C528B35-F51F-4201-AF3C-739D09C7C0B6}"
EndProject
Project("{FAE04EC0-301F-11D3-BF4B-00C04F79EFBC}") = "StoreBackend.Exceptions", "src\StoreBackend.Exceptions\StoreBackend.Exceptions.csproj", "{7D6302A9-DD99-4D41-BB27-D0711E8F3E10}"
EndProject
Global
	GlobalSection(SolutionConfigurationPlatforms) = preSolution
		Debug|Any CPU = Debug|Any CPU
		Debug|x64 = Debug|x64
		Debug|x86 = Debug|x86
		Release|Any CPU = Release|Any CPU
		Release|x64 = Release|x64
		Release|x86 = Release|x86
	EndGlobalSection
	GlobalSection(ProjectConfigurationPlatforms) = postSolution
		{2A33D278-0892-F7D8-9001-6B445B82FA09}.Debug|Any CPU.ActiveCfg = Debug|Any CPU
		{2A33D278-0892-F7D8-9001-6B445B82FA09}.Debug|Any CPU.Build.0 = Debug|Any CPU
		{2A33D278-0892-F7D8-9001-6B445B82FA09}.Debug|x64.ActiveCfg = Debug|Any CPU
		{2A33D278-0892-F7D8-9001-6B445B82FA09}.Debug|x64.Build.0 = Debug|Any CPU
		{2A33D278-0892-F7D8-9001-6B445B82FA09}.Debug|x86.ActiveCfg = Debug|Any CPU
		{2A33D278-0892-F7D8-9001-6B445B82FA09}.Debug|x86.Build.0 = Debug|Any CPU
		{2A33D278-0892-F7D8-9001-6B445B82FA09}.Release|Any CPU.ActiveCfg = Release|Any CPU
		{2A33D278-0892-F7D8-9001-6B445B82FA09}.Release|Any CPU.Build.0 = Release|Any CPU
		{2A33D278-0892-F7D8-9001-6B445B82FA09}.Release|x64.ActiveCfg = Release|Any CPU
		{2A33D278-0892-F7D8-9001-6B445B82FA09}.Release|x64.Build.0 = Release|Any CPU
		{2A33D278-0892-F7D8-9001-6B445B82FA09}.Release|x86.ActiveCfg = Release|Any CPU
		{2A33D278-0892-F7D8-9001-6B445B82FA09}.Release|x86.Build.0 = Release|Any CPU
		{947BA5D6-7EA1-42C3-90C4-F2E5B5378C9C}.Debug|Any CPU.ActiveCfg = Debug|Any CPU
		{947BA5D6-7EA1-42C3-90C4-F2E5B5378C9C}.Debug|Any CPU.Build.0 = Debug|Any CPU
		{947BA5D6-7EA1-42C3-90C4-F2E5B5378C9C}.Debug|x64.ActiveCfg = Debug|Any CPU
		{947BA5D6-7EA1-42C3-90C4-F2E5B5378C9C}.Debug|x64.Build.0 = Debug|Any CPU
		{947BA5D6-7EA1-42C3-90C4-F2E5B5378C9C}.Debug|x86.ActiveCfg = Debug|Any CPU
		{947BA5D6-7EA1-42C3-90C4-F2E5B5378C9C}.Debug|x86.Build.0 = Debug|Any CPU
		{947BA5D6-7EA1-42C3-90C4-F2E5B5378C9C}.Release|Any CPU.ActiveCfg = Release|Any CPU
		{947BA5D6-7EA1-42C3-90C4-F2E5B5378C9C}.Release|Any CPU.Build.0 = Release|Any CPU
		{947BA5D6-7EA1-42C3-90C4-F2E5B5378C9C}.Release|x64.ActiveCfg = Release|Any CPU
		{947BA5D6-7EA1-42C3-90C4-F2E5B5378C9C}.Release|x64.Build.0 = Release|Any CPU
		{947BA5D6-7EA1-42C3-90C4-F2E5B5378C9C}.Release|x86.ActiveCfg = Release|Any CPU
		{947BA5D6-7EA1-42C3-90C4-F2E5B5378C9C}.Release|x86.Build.0 = Release|Any CPU
		{4A90EAD4-B8AA-429C-A4FF-0037619F6B1B}.Debug|Any CPU.ActiveCfg = Debug|Any CPU
		{4A90EAD4-B8AA-429C-A4FF-0037619F6B1B}.Debug|Any CPU.Build.0 = Debug|Any CPU
		{4A90EAD4-B8AA-429C-A4FF-0037619F6B1B}.Debug|x64.ActiveCfg = Debug|Any CPU
		{4A90EAD4-B8AA-429C-A4FF-0037619F6B1B}.Debug|x64.Build.0 = Debug|Any CPU
		{4A90EAD4-B8AA-429C-A4FF-0037619F6B1B}.Debug|x86.ActiveCfg = Debug|Any CPU
		{4A90EAD4-B8AA-429C-A4FF-0037619F6B1B}.Debug|x86.Build.0 = Debug|Any CPU
		{4A90EAD4-B8AA-429C-A4FF-0037619F6B1B}.Release|Any CPU.ActiveCfg = Release|Any CPU
		{4A90EAD4-B8AA-429C-A4FF-0037619F6B1B}.Release|Any CPU.Build.0 = Release|Any CPU
		{4A90EAD4-B8AA-429C-A4FF-0037619F6B1B}.Release|x64.ActiveCfg = Release|Any CPU
		{4A90EAD4-B8AA-429C-A4FF-0037619F6B1B}.Release|x64.Build.0 = Release|Any CPU
		{4A90EAD4-B8AA-429C-A4FF-0037619F6B1B}.Release|x86.ActiveCfg = Release|Any CPU
		{4A90EAD4-B8AA-429C-A4FF-0037619F6B1B}.Release|x86.Build.0 = Release|Any CPU
		{CC569AE0-ECAB-42B0-A77A-155DA03FB63A}.Debug|Any CPU.ActiveCfg = Debug|Any CPU
		{CC569AE0-ECAB-42B0-A77A-155DA03FB63A}.Debug|Any CPU.Build.0 = Debug|Any CPU
		{CC569AE0-ECAB-42B0-A77A-155DA03FB63A}.Debug|x64.ActiveCfg = Debug|Any CPU
		{CC569AE0-ECAB-42B0-A77A-155DA03FB63A}.Debug|x64.Build.0 = Debug|Any CPU
		{CC569AE0-ECAB-42B0-A77A-155DA03FB63A}.Debug|x86.ActiveCfg = Debug|Any CPU
		{CC569AE0-ECAB-42B0-A77A-155DA03FB63A}.Debug|x86.Build.0 = Debug|Any CPU
		{CC569AE0-ECAB-42B0-A77A-155DA03FB63A}.Release|Any CPU.ActiveCfg = Release|Any CPU
		{CC569AE0-ECAB-42B0-A77A-155DA03FB63A}.Release|Any CPU.Build.0 = Release|Any CPU
		{CC569AE0-ECAB-42B0-A77A-155DA03FB63A}.Release|x64.ActiveCfg = Release|Any CPU
		{CC569AE0-ECAB-42B0-A77A-155DA03FB63A}.Release|x64.Build.0 = Release|Any CPU
		{CC569AE0-ECAB-42B0-A77A-155DA03FB63A}.Release|x86.ActiveCfg = Release|Any CPU
		{CC569AE0-ECAB-42B0-A77A-155DA03FB63A}.Release|x86.Build.0 = Release|Any CPU
		{4224DC60-D7F6-4EAA-9FE1-89D7E34B00C8}.Debug|Any CPU.ActiveCfg = Debug|Any CPU
		{4224DC60-D7F6-4EAA-9FE1-89D7E34B00C8}.Debug|Any CPU.Build.0 = Debug|Any CPU
		{4224DC60-D7F6-4EAA-9FE1-89D7E34B00C8}.Debug|x64.ActiveCfg = Debug|Any CPU
		{4224DC60-D7F6-4EAA-9FE1-89D7E34B00C8}.Debug|x64.Build.0 = Debug|Any CPU
		{4224DC60-D7F6-4EAA-9FE1-89D7E34B00C8}.Debug|x86.ActiveCfg = Debug|Any CPU
		{4224DC60-D7F6-4EAA-9FE1-89D7E34B00C8}.Debug|x86.Build.0 = Debug|Any CPU
		{4224DC60-D7F6-4EAA-9FE1-89D7E34B00C8}.Release|Any CPU.ActiveCfg = Release|Any CPU
		{4224DC60-D7F6-4EAA-9FE1-89D7E34B00C8}.Release|Any CPU.Build.0 = Release|Any CPU
		{4224DC60-D7F6-4EAA-9FE1-89D7E34B00C8}.Release|x64.ActiveCfg = Release|Any CPU
		{4224DC60-D7F6-4EAA-9FE1-89D7E34B00C8}.Release|x64.Build.0 = Release|Any CPU
		{4224DC60-D7F6-4EAA-9FE1-89D7E34B00C8}.Release|x86.ActiveCfg = Release|Any CPU
		{4224DC60-D7F6-4EAA-9FE1-89D7E34B00C8}.Release|x86.Build.0 = Release|Any CPU
		{9C528B35-F51F-4201-AF3C-739D09C7C0B6}.Debug|Any CPU.ActiveCfg = Debug|Any CPU
		{9C528B35-F51F-4201-AF3C-739D09C7C0B6}.Debug|Any CPU.Build.0 = Debug|Any CPU
		{9C528B35-F51F-4201-AF3C-739D09C7C0B6}.Debug|x64.ActiveCfg = Debug|Any CPU
		{9C528B35-F51F-4201-AF3C-739D09C7C0B6}.Debug|x64.Build.0 = Debug|Any CPU
		{9C528B35-F51F-4201-AF3C-739D09C7C0B6}.Debug|x86.ActiveCfg = Debug|Any CPU
		{9C528B35-F51F-4201-AF3C-739D09C7C0B6}.Debug|x86.Build.0 = Debug|Any CPU
		{9C528B35-F51F-4201-AF3C-739D09C7C0B6}.Release|Any CPU.ActiveCfg = Release|Any CPU
		{9C528B35-F51F-4201-AF3C-739D09C7C0B6}.Release|Any CPU.Build.0 = Release|Any CPU
		{9C528B35-F51F-4201-AF3C-739D09C7C0B6}.Release|x64.ActiveCfg = Release|Any CPU
		{9C528B35-F51F-4201-AF3C-739D09C7C0B6}.Release|x64.Build.0 = Release|Any CPU
		{9C528B35-F51F-4201-AF3C-739D09C7C0B6}.Release|x86.ActiveCfg = Release|Any CPU
		{9C528B35-F51F-4201-AF3C-739D09C7C0B6}.Release|x86.Build.0 = Release|Any CPU
		{7D6302A9-DD99-4D41-BB27-D0711E8F3E10}.Debug|Any CPU.ActiveCfg = Debug|Any CPU
		{7D6302A9-DD99-4D41-BB27-D0711E8F3E10}.Debug|Any CPU.Build.0 = Debug|Any CPU
		{7D6302A9-DD99-4D41-BB27-D0711E8F3E10}.Debug|x64.ActiveCfg = Debug|Any CPU
		{7D6302A9-DD99-4D41-BB27-D0711E8F3E10}.Debug|x64.Build.0 = Debug|Any CPU
		{7D6302A9-DD99-4D41-BB27-D0711E8F3E10}.Debug|x86.ActiveCfg = Debug|Any CPU
		{7D6302A9-DD99-4D41-BB27-D0711E8F3E10}.Debug|x86.Build.0 = Debug|Any CPU
		{7D6302A9-DD99-4D41-BB27-D0711E8F3E10}.Release|Any CPU.ActiveCfg = Release|Any CPU
		{7D6302A9-DD99-4D41-BB27-D0711E8F3E10}.Release|Any CPU.Build.0 = Release|Any CPU
		{7D6302A9-DD99-4D41-BB27-D0711E8F3E10}.Release|x64.ActiveCfg = Release|Any CPU
		{7D6302A9-DD99-4D41-BB27-D0711E8F3E10}.Release|x64.Build.0 = Release|Any CPU
		{7D6302A9-DD99-4D41-BB27-D0711E8F3E10}.Release|x86.ActiveCfg = Release|Any CPU
		{7D6302A9-DD99-4D41-BB27-D0711E8F3E10}.Release|x86.Build.0 = Release|Any CPU
	EndGlobalSection
	GlobalSection(SolutionProperties) = preSolution
		HideSolutionNode = FALSE
	EndGlobalSection
	GlobalSection(NestedProjects) = preSolution
		{1420BDF1-37BA-6BD7-A146-D8C90560EB07} = {827E0CD3-B72D-47B6-A68D-7590B98EB39B}
		{2A33D278-0892-F7D8-9001-6B445B82FA09} = {1420BDF1-37BA-6BD7-A146-D8C90560EB07}
		{947BA5D6-7EA1-42C3-90C4-F2E5B5378C9C} = {827E0CD3-B72D-47B6-A68D-7590B98EB39B}
		{4A90EAD4-B8AA-429C-A4FF-0037619F6B1B} = {827E0CD3-B72D-47B6-A68D-7590B98EB39B}
		{CC569AE0-ECAB-42B0-A77A-155DA03FB63A} = {827E0CD3-B72D-47B6-A68D-7590B98EB39B}
		{4224DC60-D7F6-4EAA-9FE1-89D7E34B00C8} = {827E0CD3-B72D-47B6-A68D-7590B98EB39B}
		{9C528B35-F51F-4201-AF3C-739D09C7C0B6} = {827E0CD3-B72D-47B6-A68D-7590B98EB39B}
		{7D6302A9-DD99-4D41-BB27-D0711E8F3E10} = {827E0CD3-B72D-47B6-A68D-7590B98EB39B}
	EndGlobalSection
	GlobalSection(ExtensibilityGlobals) = postSolution
		SolutionGuid = {2CAEDDC1-78C9-4B57-AD0C-A7A80E73E195}
	EndGlobalSection
EndGlobal
